{
  "name": "DeepTalk",
  "lockfileVersion": 3,
  "requires": true,
  "packages": {
    "": {
      "dependencies": {
        "kurento-utils": "^7.2.0"
      }
    },
    "node_modules/freeice": {
      "version": "2.2.2",
      "resolved": "https://registry.npmjs.org/freeice/-/freeice-2.2.2.tgz",
      "integrity": "sha512-XNoIxDHufqPIBSLpp4IrFPnoc+hv/0RwdOGhIoggIDC2ZKf5r6OoixbeoFJSmZOAq2aYiEUArhuQ8zVVrM5C4w==",
      "license": "MIT",
      "dependencies": {
        "normalice": "^1.0.0"
      }
    },
    "node_modules/hark": {
      "version": "1.2.3",
      "resolved": "https://registry.npmjs.org/hark/-/hark-1.2.3.tgz",
      "integrity": "sha512-u68vz9SCa38ESiFJSDjqK8XbXqWzyot7Cj6Y2b6jk2NJ+II3MY2dIrLMg/kjtIAun4Y1DHF/20hfx4rq1G5GMg==",
      "license": "MIT",
      "dependencies": {
        "wildemitter": "^1.2.0"
      }
    },
    "node_modules/inherits": {
      "version": "2.0.4",
      "resolved": "https://registry.npmjs.org/inherits/-/inherits-2.0.4.tgz",
      "integrity": "sha512-k/vGaX4/Yla3WzyMCvTQOXYeIHvqOKtnqBduzTHpzpQZzAskKMhZ2K+EnBiSM9zGSoIFeMpXKxa4dYeZIQqewQ==",
      "license": "ISC"
    },
    "node_modules/kurento-browser-extensions": {
      "version": "0.0.2",
      "resolved": "https://registry.npmjs.org/kurento-browser-extensions/-/kurento-browser-extensions-0.0.2.tgz",
      "integrity": "sha512-E1EkdrFj954UeTdfnNUWwrwolC6aeyCen/ws+5tAvPTIZSUyqXVvcp3Cwg7jQxiZioR4VFdZ1PXuv8A9q2GgVw==",
      "license": "CC0",
      "optional": true
    },
    "node_modules/kurento-utils": {
      "version": "7.2.0",
      "resolved": "https://registry.npmjs.org/kurento-utils/-/kurento-utils-7.2.0.tgz",
      "integrity": "sha512-N8MWzlKJ/+f1Sh9VOr0+DVKI4WYMMZbeoXH/C2PEP8v/ocATiH3gbrL212ssyT0faPpXKCV5X6EFioVHV2p3JA==",
      "license": "Apache-2.0",
      "dependencies": {
        "freeice": "^2.1.2",
        "hark": "^1.0.0",
        "inherits": "^2.0.0",
        "merge": "^1.2.0",
        "sdp-translator": "^0.1.15",
        "ua-parser-js": "^0.7.7",
        "uuid": "^3.0.0"
      },
      "optionalDependencies": {
        "kurento-browser-extensions": "*"
      }
    },
    "node_modules/merge": {
      "version": "1.2.1",
      "resolved": "https://registry.npmjs.org/merge/-/merge-1.2.1.tgz",
      "integrity": "sha512-VjFo4P5Whtj4vsLzsYBu5ayHhoHJ0UqNm7ibvShmbmoz7tGi0vXaoJbGdB+GmDMLUdg8DpQXEIeVDAe8MaABvQ==",
      "license": "MIT"
    },
    "node_modules/normalice": {
      "version": "1.0.1",
      "resolved": "https://registry.npmjs.org/normalice/-/normalice-1.0.1.tgz",
      "integrity": "sha512-wF2/tv9q/K8S+RqCgll5yC6z/zcXNr+rEHfGIw8A6D58vjfJo+kp749MI6cAHv72LE7nwv92Qi6tZhIeMOOJpg==",
      "license": "MIT"
    },
    "node_modules/sdp-transform": {
      "version": "1.5.3",
      "resolved": "https://registry.npmjs.org/sdp-transform/-/sdp-transform-1.5.3.tgz",
      "integrity": "sha512-WDWxxUgTR0QD8rAEnJpDoJMOigJU35oeXzleMdfbVhzrcOpwOwU6j2SDCNc2yOYAcvSDXYODtNU0DM1sOmkpHQ==",
      "license": "MIT",
      "bin": {
        "sdp-verify": "checker.js"
      }
    },
    "node_modules/sdp-translator": {
      "version": "0.1.24",
      "resolved": "https://registry.npmjs.org/sdp-translator/-/sdp-translator-0.1.24.tgz",
      "integrity": "sha512-BZAamdLOtBw+DXwF/0vbimZl7oMtjVuyO6As4jO5HIBp2pLHfsRDSm4SXK5tFEMEs8Ugjq2V8Ny6SkMtOmdWig==",
      "license": "Apache-2.0",
      "dependencies": {
        "sdp-transform": "1.5.*"
      }
    },
    "node_modules/ua-parser-js": {
      "version": "0.7.40",
      "resolved": "https://registry.npmjs.org/ua-parser-js/-/ua-parser-js-0.7.40.tgz",
      "integrity": "sha512-us1E3K+3jJppDBa3Tl0L3MOJiGhe1C6P0+nIvQAFYbxlMAx0h81eOwLmU57xgqToduDDPx3y5QsdjPfDu+FgOQ==",
      "funding": [
        {
          "type": "opencollective",
          "url": "https://opencollective.com/ua-parser-js"
        },
        {
          "type": "paypal",
          "url": "https://paypal.me/faisalman"
        },
        {
          "type": "github",
          "url": "https://github.com/sponsors/faisalman"
        }
      ],
      "license": "MIT",
      "bin": {
        "ua-parser-js": "script/cli.js"
      },
      "engines": {
        "node": "*"
      }
    },
    "node_modules/uuid": {
      "version": "3.4.0",
      "resolved": "https://registry.npmjs.org/uuid/-/uuid-3.4.0.tgz",
      "integrity": "sha512-HjSDRw6gZE5JMggctHBcjVak08+KEVhSIiDzFnT9S9aegmp85S/bReBVTb4QTFaRNptJ9kuYaNhnbNEOkbKb/A==",
      "deprecated": "Please upgrade  to version 7 or higher.  Older versions may use Math.random() in certain circumstances, which is known to be problematic.  See https://v8.dev/blog/math-random for details.",
      "license": "MIT",
      "bin": {
        "uuid": "bin/uuid"
      }
    },
    "node_modules/wildemitter": {
      "version": "1.2.1",
      "resolved": "https://registry.npmjs.org/wildemitter/-/wildemitter-1.2.1.tgz",
      "integrity": "sha512-UMmSUoIQSir+XbBpTxOTS53uJ8s/lVhADCkEbhfRjUGFDPme/XGOb0sBWLx5sTz7Wx/2+TlAw1eK9O5lw5PiEw=="
    }
  }
}
